{
  "originHash" : "d53e9cb2bf956d8c5839efda1043551a095300a9be82e3c45aae61446ad55a86",
  "pins" : [
    {
      "identity" : "sqlcipher.swift",
      "kind" : "remoteSourceControl",
      "location" : "https://github.com/sqlcipher/SQLCipher.swift.git",
      "state" : {
        "revision" : "247b042574b4838c7eefdb95d6a250a843dcf1ad",
        "version" : "4.11.0"
      }
    }
  ],
  "version" : 3
}
